
Microsoft Visual Studio Solution File, Format Version 12.00
# Visual Studio Version 17
VisualStudioVersion = 17.10.34916.146
MinimumVisualStudioVersion = 10.0.40219.1
Project("{FAE04EC0-301F-11D3-BF4B-00C04F79EFBC}") = "AutoJongWebService", "AutoJongWebService\AutoJongWebService.csproj", "{D8D655C1-E8CB-49D0-919F-021FA09C42C8}"
EndProject
Global
	GlobalSection(SolutionConfigurationPlatforms) = preSolution
		Debug|Any CPU = Debug|Any CPU
		Release|Any CPU = Release|Any CPU
	EndGlobalSection
	GlobalSection(ProjectConfigurationPlatforms) = postSolution
		{D8D655C1-E8CB-49D0-919F-021FA09C42C8}.Debug|Any CPU.ActiveCfg = Debug|Any CPU
		{D8D655C1-E8CB-49D0-919F-021FA09C42C8}.Debug|Any CPU.Build.0 = Debug|Any CPU
		{D8D655C1-E8CB-49D0-919F-021FA09C42C8}.Release|Any CPU.ActiveCfg = Release|Any CPU
		{D8D655C1-E8CB-49D0-919F-021FA09C42C8}.Release|Any CPU.Build.0 = Release|Any CPU
	EndGlobalSection
	GlobalSection(SolutionProperties) = preSolution
		HideSolutionNode = FALSE
	EndGlobalSection
	GlobalSection(ExtensibilityGlobals) = postSolution
		SolutionGuid = {2C70993C-09CE-481D-B671-FC42E56F4980}
	EndGlobalSection
EndGlobal
